
Microsoft Visual Studio Solution File, Format Version 12.00
# Visual Studio Version 17
VisualStudioVersion = 17.1.32328.378
MinimumVisualStudioVersion = 10.0.40219.1
Project("{9A19103F-16F7-4668-BE54-9A1E7A4F7556}") = "Collection", "Collection\Collection.csproj", "{FA5A9420-8B2F-49C2-BED7-F424035998EE}"
EndProject
Project("{9A19103F-16F7-4668-BE54-9A1E7A4F7556}") = "GenericsIntro", "GenericsIntro\GenericsIntro.csproj", "{8CF0F9CC-B45B-40E7-B17F-EB06C701647D}"
EndProject
Project("{9A19103F-16F7-4668-BE54-9A1E7A4F7556}") = "OOP1", "OOP1\OOP1.csproj", "{19000DD2-8B62-476F-8C16-CBDA0ACC928D}"
EndProject
Project("{FAE04EC0-301F-11D3-BF4B-00C04F79EFBC}") = "OOP2", "OOP2\OOP2.csproj", "{997B7CE0-3C43-476A-AE6E-15285CCC03F3}"
EndProject
Global
	GlobalSection(SolutionConfigurationPlatforms) = preSolution
		Debug|Any CPU = Debug|Any CPU
		Release|Any CPU = Release|Any CPU
	EndGlobalSection
	GlobalSection(ProjectConfigurationPlatforms) = postSolution
		{FA5A9420-8B2F-49C2-BED7-F424035998EE}.Debug|Any CPU.ActiveCfg = Debug|Any CPU
		{FA5A9420-8B2F-49C2-BED7-F424035998EE}.Debug|Any CPU.Build.0 = Debug|Any CPU
		{FA5A9420-8B2F-49C2-BED7-F424035998EE}.Release|Any CPU.ActiveCfg = Release|Any CPU
		{FA5A9420-8B2F-49C2-BED7-F424035998EE}.Release|Any CPU.Build.0 = Release|Any CPU
		{8CF0F9CC-B45B-40E7-B17F-EB06C701647D}.Debug|Any CPU.ActiveCfg = Debug|Any CPU
		{8CF0F9CC-B45B-40E7-B17F-EB06C701647D}.Debug|Any CPU.Build.0 = Debug|Any CPU
		{8CF0F9CC-B45B-40E7-B17F-EB06C701647D}.Release|Any CPU.ActiveCfg = Release|Any CPU
		{8CF0F9CC-B45B-40E7-B17F-EB06C701647D}.Release|Any CPU.Build.0 = Release|Any CPU
		{19000DD2-8B62-476F-8C16-CBDA0ACC928D}.Debug|Any CPU.ActiveCfg = Debug|Any CPU
		{19000DD2-8B62-476F-8C16-CBDA0ACC928D}.Debug|Any CPU.Build.0 = Debug|Any CPU
		{19000DD2-8B62-476F-8C16-CBDA0ACC928D}.Release|Any CPU.ActiveCfg = Release|Any CPU
		{19000DD2-8B62-476F-8C16-CBDA0ACC928D}.Release|Any CPU.Build.0 = Release|Any CPU
		{997B7CE0-3C43-476A-AE6E-15285CCC03F3}.Debug|Any CPU.ActiveCfg = Debug|Any CPU
		{997B7CE0-3C43-476A-AE6E-15285CCC03F3}.Debug|Any CPU.Build.0 = Debug|Any CPU
		{997B7CE0-3C43-476A-AE6E-15285CCC03F3}.Release|Any CPU.ActiveCfg = Release|Any CPU
		{997B7CE0-3C43-476A-AE6E-15285CCC03F3}.Release|Any CPU.Build.0 = Release|Any CPU
	EndGlobalSection
	GlobalSection(SolutionProperties) = preSolution
		HideSolutionNode = FALSE
	EndGlobalSection
	GlobalSection(ExtensibilityGlobals) = postSolution
		SolutionGuid = {99698D85-F979-4DAB-82A7-A0E32D9F1CA2}
	EndGlobalSection
EndGlobal
